{
	"name": "benchmark",
	"version": "0.0.0",
	"lockfileVersion": 2,
	"requires": true,
	"packages": {
		"": {
			"name": "benchmark",
			"version": "0.0.0",
			"dependencies": {
				"benchmark": "^2.1.4",
				"fastest-validator": "^1.19.0",
				"joi": "^17.13.3",
				"yup": "^1.4.0",
				"zod": "^3.23.8"
			},
			"devDependencies": {
				"@types/benchmark": "^2.1.5",
				"ts-node": "^10.9.2"
			}
		},
		"node_modules/@cspotcode/source-map-support": {
			"version": "0.8.1",
			"resolved": "https://registry.npmjs.org/@cspotcode/source-map-support/-/source-map-support-0.8.1.tgz",
			"integrity": "sha512-IchNf6dN4tHoMFIn/7OE8LWZ19Y6q/67Bmf6vnGREv8RSbBVb9LPJxEcnwrcwX6ixSvaiGoomAUvu4YSxXrVgw==",
			"dev": true,
			"dependencies": {
				"@jridgewell/trace-mapping": "0.3.9"
			},
			"engines": {
				"node": ">=12"
			}
		},
		"node_modules/@hapi/hoek": {
			"version": "9.3.0",
			"resolved": "https://registry.npmjs.org/@hapi/hoek/-/hoek-9.3.0.tgz",
			"integrity": "sha512-/c6rf4UJlmHlC9b5BaNvzAcFv7HZ2QHaV0D4/HNlBdvFnvQq8RI4kYdhyPCl7Xj+oWvTWQ8ujhqS53LIgAe6KQ=="
		},
		"node_modules/@hapi/topo": {
			"version": "5.1.0",
			"resolved": "https://registry.npmjs.org/@hapi/topo/-/topo-5.1.0.tgz",
			"integrity": "sha512-foQZKJig7Ob0BMAYBfcJk8d77QtOe7Wo4ox7ff1lQYoNNAb6jwcY1ncdoy2e9wQZzvNy7ODZCYJkK8kzmcAnAg==",
			"dependencies": {
				"@hapi/hoek": "^9.0.0"
			}
		},
		"node_modules/@jridgewell/resolve-uri": {
			"version": "3.0.7",
			"resolved": "https://registry.npmjs.org/@jridgewell/resolve-uri/-/resolve-uri-3.0.7.tgz",
			"integrity": "sha512-8cXDaBBHOr2pQ7j77Y6Vp5VDT2sIqWyWQ56TjEq4ih/a4iST3dItRe8Q9fp0rrIl9DoKhWQtUQz/YpOxLkXbNA==",
			"dev": true,
			"engines": {
				"node": ">=6.0.0"
			}
		},
		"node_modules/@jridgewell/sourcemap-codec": {
			"version": "1.4.13",
			"resolved": "https://registry.npmjs.org/@jridgewell/sourcemap-codec/-/sourcemap-codec-1.4.13.tgz",
			"integrity": "sha512-GryiOJmNcWbovBxTfZSF71V/mXbgcV3MewDe3kIMCLyIh5e7SKAeUZs+rMnJ8jkMolZ/4/VsdBmMrw3l+VdZ3w==",
			"dev": true
		},
		"node_modules/@jridgewell/trace-mapping": {
			"version": "0.3.9",
			"resolved": "https://registry.npmjs.org/@jridgewell/trace-mapping/-/trace-mapping-0.3.9.tgz",
			"integrity": "sha512-3Belt6tdc8bPgAtbcmdtNJlirVoTmEb5e2gC94PnkwEW9jI6CAHUeoG85tjWP5WquqfavoMtMwiG4P926ZKKuQ==",
			"dev": true,
			"dependencies": {
				"@jridgewell/resolve-uri": "^3.0.3",
				"@jridgewell/sourcemap-codec": "^1.4.10"
			}
		},
		"node_modules/@sideway/address": {
			"version": "4.1.5",
			"resolved": "https://registry.npmjs.org/@sideway/address/-/address-4.1.5.tgz",
			"integrity": "sha512-IqO/DUQHUkPeixNQ8n0JA6102hT9CmaljNTPmQ1u8MEhBo/R4Q8eKLN/vGZxuebwOroDB4cbpjheD4+/sKFK4Q==",
			"dependencies": {
				"@hapi/hoek": "^9.0.0"
			}
		},
		"node_modules/@sideway/formula": {
			"version": "3.0.1",
			"resolved": "https://registry.npmjs.org/@sideway/formula/-/formula-3.0.1.tgz",
			"integrity": "sha512-/poHZJJVjx3L+zVD6g9KgHfYnb443oi7wLu/XKojDviHy6HOEOA6z1Trk5aR1dGcmPenJEgb2sK2I80LeS3MIg=="
		},
		"node_modules/@sideway/pinpoint": {
			"version": "2.0.0",
			"resolved": "https://registry.npmjs.org/@sideway/pinpoint/-/pinpoint-2.0.0.tgz",
			"integrity": "sha512-RNiOoTPkptFtSVzQevY/yWtZwf/RxyVnPy/OcA9HBM3MlGDnBEYL5B41H0MTn0Uec8Hi+2qUtTfG2WWZBmMejQ=="
		},
		"node_modules/@tsconfig/node10": {
			"version": "1.0.8",
			"resolved": "https://registry.npmjs.org/@tsconfig/node10/-/node10-1.0.8.tgz",
			"integrity": "sha512-6XFfSQmMgq0CFLY1MslA/CPUfhIL919M1rMsa5lP2P097N2Wd1sSX0tx1u4olM16fLNhtHZpRhedZJphNJqmZg==",
			"dev": true
		},
		"node_modules/@tsconfig/node12": {
			"version": "1.0.9",
			"resolved": "https://registry.npmjs.org/@tsconfig/node12/-/node12-1.0.9.tgz",
			"integrity": "sha512-/yBMcem+fbvhSREH+s14YJi18sp7J9jpuhYByADT2rypfajMZZN4WQ6zBGgBKp53NKmqI36wFYDb3yaMPurITw==",
			"dev": true
		},
		"node_modules/@tsconfig/node14": {
			"version": "1.0.1",
			"resolved": "https://registry.npmjs.org/@tsconfig/node14/-/node14-1.0.1.tgz",
			"integrity": "sha512-509r2+yARFfHHE7T6Puu2jjkoycftovhXRqW328PDXTVGKihlb1P8Z9mMZH04ebyajfRY7dedfGynlrFHJUQCg==",
			"dev": true
		},
		"node_modules/@tsconfig/node16": {
			"version": "1.0.2",
			"resolved": "https://registry.npmjs.org/@tsconfig/node16/-/node16-1.0.2.tgz",
			"integrity": "sha512-eZxlbI8GZscaGS7kkc/trHTT5xgrjH3/1n2JDwusC9iahPKWMRvRjJSAN5mCXviuTGQ/lHnhvv8Q1YTpnfz9gA==",
			"dev": true
		},
		"node_modules/@types/benchmark": {
			"version": "2.1.5",
			"resolved": "https://registry.npmjs.org/@types/benchmark/-/benchmark-2.1.5.tgz",
			"integrity": "sha512-cKio2eFB3v7qmKcvIHLUMw/dIx/8bhWPuzpzRT4unCPRTD8VdA9Zb0afxpcxOqR4PixRS7yT42FqGS8BYL8g1w==",
			"dev": true
		},
		"node_modules/@types/node": {
			"version": "17.0.36",
			"resolved": "https://registry.npmjs.org/@types/node/-/node-17.0.36.tgz",
			"integrity": "sha512-V3orv+ggDsWVHP99K3JlwtH20R7J4IhI1Kksgc+64q5VxgfRkQG8Ws3MFm/FZOKDYGy9feGFlZ70/HpCNe9QaA==",
			"dev": true,
			"peer": true
		},
		"node_modules/acorn": {
			"version": "8.7.1",
			"resolved": "https://registry.npmjs.org/acorn/-/acorn-8.7.1.tgz",
			"integrity": "sha512-Xx54uLJQZ19lKygFXOWsscKUbsBZW0CPykPhVQdhIeIwrbPmJzqeASDInc8nKBnp/JT6igTs82qPXz069H8I/A==",
			"dev": true,
			"bin": {
				"acorn": "bin/acorn"
			},
			"engines": {
				"node": ">=0.4.0"
			}
		},
		"node_modules/acorn-walk": {
			"version": "8.2.0",
			"resolved": "https://registry.npmjs.org/acorn-walk/-/acorn-walk-8.2.0.tgz",
			"integrity": "sha512-k+iyHEuPgSw6SbuDpGQM+06HQUa04DZ3o+F6CSzXMvvI5KMvnaEqXe+YVe555R9nn6GPt404fos4wcgpw12SDA==",
			"dev": true,
			"engines": {
				"node": ">=0.4.0"
			}
		},
		"node_modules/arg": {
			"version": "4.1.3",
			"resolved": "https://registry.npmjs.org/arg/-/arg-4.1.3.tgz",
			"integrity": "sha512-58S9QDqG0Xx27YwPSt9fJxivjYl432YCwfDMfZ+71RAqUrZef7LrKQZ3LHLOwCS4FLNBplP533Zx895SeOCHvA==",
			"dev": true
		},
		"node_modules/benchmark": {
			"version": "2.1.4",
			"resolved": "https://registry.npmjs.org/benchmark/-/benchmark-2.1.4.tgz",
			"integrity": "sha512-l9MlfN4M1K/H2fbhfMy3B7vJd6AGKJVQn2h6Sg/Yx+KckoUA7ewS5Vv6TjSq18ooE1kS9hhAlQRH3AkXIh/aOQ==",
			"dependencies": {
				"lodash": "^4.17.4",
				"platform": "^1.3.3"
			}
		},
		"node_modules/create-require": {
			"version": "1.1.1",
			"resolved": "https://registry.npmjs.org/create-require/-/create-require-1.1.1.tgz",
			"integrity": "sha512-dcKFX3jn0MpIaXjisoRvexIJVEKzaq7z2rZKxf+MSr9TkdmHmsU4m2lcLojrj/FHl8mk5VxMmYA+ftRkP/3oKQ==",
			"dev": true
		},
		"node_modules/diff": {
			"version": "4.0.2",
			"resolved": "https://registry.npmjs.org/diff/-/diff-4.0.2.tgz",
			"integrity": "sha512-58lmxKSA4BNyLz+HHMUzlOEpg09FV+ev6ZMe3vJihgdxzgcwZ8VoEEPmALCZG9LmqfVoNMMKpttIYTVG6uDY7A==",
			"dev": true,
			"engines": {
				"node": ">=0.3.1"
			}
		},
		"node_modules/fastest-validator": {
			"version": "1.19.0",
			"resolved": "https://registry.npmjs.org/fastest-validator/-/fastest-validator-1.19.0.tgz",
			"integrity": "sha512-wUfJBrXmccVz4kARAiWTkuqsC6EFeqbNxwfysCDk+maExBPP8KxyBwaWtayrWjKIaBIbaz+rqI2kel6ecayxcg=="
		},
		"node_modules/joi": {
			"version": "17.13.3",
			"resolved": "https://registry.npmjs.org/joi/-/joi-17.13.3.tgz",
			"integrity": "sha512-otDA4ldcIx+ZXsKHWmp0YizCweVRZG96J10b0FevjfuncLO1oX59THoAmHkNubYJ+9gWsYsp5k8v4ib6oDv1fA==",
			"dependencies": {
				"@hapi/hoek": "^9.3.0",
				"@hapi/topo": "^5.1.0",
				"@sideway/address": "^4.1.5",
				"@sideway/formula": "^3.0.1",
				"@sideway/pinpoint": "^2.0.0"
			}
		},
		"node_modules/lodash": {
			"version": "4.17.21",
			"resolved": "https://registry.npmjs.org/lodash/-/lodash-4.17.21.tgz",
			"integrity": "sha512-v2kDEe57lecTulaDIuNTPy3Ry4gLGJ6Z1O3vE1krgXZNrsQ+LFTGHVxVjcXPs17LhbZVGedAJv8XZ1tvj5FvSg=="
		},
		"node_modules/make-error": {
			"version": "1.3.6",
			"resolved": "https://registry.npmjs.org/make-error/-/make-error-1.3.6.tgz",
			"integrity": "sha512-s8UhlNe7vPKomQhC1qFelMokr/Sc3AgNbso3n74mVPA5LTZwkB9NlXf4XPamLxJE8h0gh73rM94xvwRT2CVInw==",
			"dev": true
		},
		"node_modules/platform": {
			"version": "1.3.6",
			"resolved": "https://registry.npmjs.org/platform/-/platform-1.3.6.tgz",
			"integrity": "sha512-fnWVljUchTro6RiCFvCXBbNhJc2NijN7oIQxbwsyL0buWJPG85v81ehlHI9fXrJsMNgTofEoWIQeClKpgxFLrg=="
		},
		"node_modules/property-expr": {
			"version": "2.0.5",
			"resolved": "https://registry.npmjs.org/property-expr/-/property-expr-2.0.5.tgz",
			"integrity": "sha512-IJUkICM5dP5znhCckHSv30Q4b5/JA5enCtkRHYaOVOAocnH/1BQEYTC5NMfT3AVl/iXKdr3aqQbQn9DxyWknwA=="
		},
		"node_modules/tiny-case": {
			"version": "1.0.3",
			"resolved": "https://registry.npmjs.org/tiny-case/-/tiny-case-1.0.3.tgz",
			"integrity": "sha512-Eet/eeMhkO6TX8mnUteS9zgPbUMQa4I6Kkp5ORiBD5476/m+PIRiumP5tmh5ioJpH7k51Kehawy2UDfsnxxY8Q=="
		},
		"node_modules/toposort": {
			"version": "2.0.2",
			"resolved": "https://registry.npmjs.org/toposort/-/toposort-2.0.2.tgz",
			"integrity": "sha1-riF2gXXRVZ1IvvNUILL0li8JwzA="
		},
		"node_modules/ts-node": {
			"version": "10.9.2",
			"resolved": "https://registry.npmjs.org/ts-node/-/ts-node-10.9.2.tgz",
			"integrity": "sha512-f0FFpIdcHgn8zcPSbf1dRevwt047YMnaiJM3u2w2RewrB+fob/zePZcrOyQoLMMO7aBIddLcQIEK5dYjkLnGrQ==",
			"dev": true,
			"dependencies": {
				"@cspotcode/source-map-support": "^0.8.0",
				"@tsconfig/node10": "^1.0.7",
				"@tsconfig/node12": "^1.0.7",
				"@tsconfig/node14": "^1.0.0",
				"@tsconfig/node16": "^1.0.2",
				"acorn": "^8.4.1",
				"acorn-walk": "^8.1.1",
				"arg": "^4.1.0",
				"create-require": "^1.1.0",
				"diff": "^4.0.1",
				"make-error": "^1.1.1",
				"v8-compile-cache-lib": "^3.0.1",
				"yn": "3.1.1"
			},
			"bin": {
				"ts-node": "dist/bin.js",
				"ts-node-cwd": "dist/bin-cwd.js",
				"ts-node-esm": "dist/bin-esm.js",
				"ts-node-script": "dist/bin-script.js",
				"ts-node-transpile-only": "dist/bin-transpile.js",
				"ts-script": "dist/bin-script-deprecated.js"
			},
			"peerDependencies": {
				"@swc/core": ">=1.2.50",
				"@swc/wasm": ">=1.2.50",
				"@types/node": "*",
				"typescript": ">=2.7"
			},
			"peerDependenciesMeta": {
				"@swc/core": {
					"optional": true
				},
				"@swc/wasm": {
					"optional": true
				}
			}
		},
		"node_modules/type-fest": {
			"version": "2.19.0",
			"resolved": "https://registry.npmjs.org/type-fest/-/type-fest-2.19.0.tgz",
			"integrity": "sha512-RAH822pAdBgcNMAfWnCBU3CFZcfZ/i1eZjwFU/dsLKumyuuP3niueg2UAukXYF0E2AAoc82ZSSf9J0WQBinzHA==",
			"engines": {
				"node": ">=12.20"
			},
			"funding": {
				"url": "https://github.com/sponsors/sindresorhus"
			}
		},
		"node_modules/typescript": {
			"version": "4.7.2",
			"resolved": "https://registry.npmjs.org/typescript/-/typescript-4.7.2.tgz",
			"integrity": "sha512-Mamb1iX2FDUpcTRzltPxgWMKy3fhg0TN378ylbktPGPK/99KbDtMQ4W1hwgsbPAsG3a0xKa1vmw4VKZQbkvz5A==",
			"dev": true,
			"peer": true,
			"bin": {
				"tsc": "bin/tsc",
				"tsserver": "bin/tsserver"
			},
			"engines": {
				"node": ">=4.2.0"
			}
		},
		"node_modules/v8-compile-cache-lib": {
			"version": "3.0.1",
			"resolved": "https://registry.npmjs.org/v8-compile-cache-lib/-/v8-compile-cache-lib-3.0.1.tgz",
			"integrity": "sha512-wa7YjyUGfNZngI/vtK0UHAN+lgDCxBPCylVXGp0zu59Fz5aiGtNXaq3DhIov063MorB+VfufLh3JlF2KdTK3xg==",
			"dev": true
		},
		"node_modules/yn": {
			"version": "3.1.1",
			"resolved": "https://registry.npmjs.org/yn/-/yn-3.1.1.tgz",
			"integrity": "sha512-Ux4ygGWsu2c7isFWe8Yu1YluJmqVhxqK2cLXNQA5AcC3QfbGNpM7fu0Y8b/z16pXLnFxZYvWhd3fhBY9DLmC6Q==",
			"dev": true,
			"engines": {
				"node": ">=6"
			}
		},
		"node_modules/yup": {
			"version": "1.4.0",
			"resolved": "https://registry.npmjs.org/yup/-/yup-1.4.0.tgz",
			"integrity": "sha512-wPbgkJRCqIf+OHyiTBQoJiP5PFuAXaWiJK6AmYkzQAh5/c2K9hzSApBZG5wV9KoKSePF7sAxmNSvh/13YHkFDg==",
			"dependencies": {
				"property-expr": "^2.0.5",
				"tiny-case": "^1.0.3",
				"toposort": "^2.0.2",
				"type-fest": "^2.19.0"
			}
		},
		"node_modules/zod": {
			"version": "3.23.8",
			"resolved": "https://registry.npmjs.org/zod/-/zod-3.23.8.tgz",
			"integrity": "sha512-XBx9AXhXktjUqnepgTiE5flcKIYWi/rme0Eaj+5Y0lftuGBq+jyRu/md4WnuxqgP1ubdpNCsYEYPxrzVHD8d6g==",
			"funding": {
				"url": "https://github.com/sponsors/colinhacks"
			}
		}
	},
	"dependencies": {
		"@cspotcode/source-map-support": {
			"version": "0.8.1",
			"resolved": "https://registry.npmjs.org/@cspotcode/source-map-support/-/source-map-support-0.8.1.tgz",
			"integrity": "sha512-IchNf6dN4tHoMFIn/7OE8LWZ19Y6q/67Bmf6vnGREv8RSbBVb9LPJxEcnwrcwX6ixSvaiGoomAUvu4YSxXrVgw==",
			"dev": true,
			"requires": {
				"@jridgewell/trace-mapping": "0.3.9"
			}
		},
		"@hapi/hoek": {
			"version": "9.3.0",
			"resolved": "https://registry.npmjs.org/@hapi/hoek/-/hoek-9.3.0.tgz",
			"integrity": "sha512-/c6rf4UJlmHlC9b5BaNvzAcFv7HZ2QHaV0D4/HNlBdvFnvQq8RI4kYdhyPCl7Xj+oWvTWQ8ujhqS53LIgAe6KQ=="
		},
		"@hapi/topo": {
			"version": "5.1.0",
			"resolved": "https://registry.npmjs.org/@hapi/topo/-/topo-5.1.0.tgz",
			"integrity": "sha512-foQZKJig7Ob0BMAYBfcJk8d77QtOe7Wo4ox7ff1lQYoNNAb6jwcY1ncdoy2e9wQZzvNy7ODZCYJkK8kzmcAnAg==",
			"requires": {
				"@hapi/hoek": "^9.0.0"
			}
		},
		"@jridgewell/resolve-uri": {
			"version": "3.0.7",
			"resolved": "https://registry.npmjs.org/@jridgewell/resolve-uri/-/resolve-uri-3.0.7.tgz",
			"integrity": "sha512-8cXDaBBHOr2pQ7j77Y6Vp5VDT2sIqWyWQ56TjEq4ih/a4iST3dItRe8Q9fp0rrIl9DoKhWQtUQz/YpOxLkXbNA==",
			"dev": true
		},
		"@jridgewell/sourcemap-codec": {
			"version": "1.4.13",
			"resolved": "https://registry.npmjs.org/@jridgewell/sourcemap-codec/-/sourcemap-codec-1.4.13.tgz",
			"integrity": "sha512-GryiOJmNcWbovBxTfZSF71V/mXbgcV3MewDe3kIMCLyIh5e7SKAeUZs+rMnJ8jkMolZ/4/VsdBmMrw3l+VdZ3w==",
			"dev": true
		},
		"@jridgewell/trace-mapping": {
			"version": "0.3.9",
			"resolved": "https://registry.npmjs.org/@jridgewell/trace-mapping/-/trace-mapping-0.3.9.tgz",
			"integrity": "sha512-3Belt6tdc8bPgAtbcmdtNJlirVoTmEb5e2gC94PnkwEW9jI6CAHUeoG85tjWP5WquqfavoMtMwiG4P926ZKKuQ==",
			"dev": true,
			"requires": {
				"@jridgewell/resolve-uri": "^3.0.3",
				"@jridgewell/sourcemap-codec": "^1.4.10"
			}
		},
		"@sideway/address": {
			"version": "4.1.5",
			"resolved": "https://registry.npmjs.org/@sideway/address/-/address-4.1.5.tgz",
			"integrity": "sha512-IqO/DUQHUkPeixNQ8n0JA6102hT9CmaljNTPmQ1u8MEhBo/R4Q8eKLN/vGZxuebwOroDB4cbpjheD4+/sKFK4Q==",
			"requires": {
				"@hapi/hoek": "^9.0.0"
			}
		},
		"@sideway/formula": {
			"version": "3.0.1",
			"resolved": "https://registry.npmjs.org/@sideway/formula/-/formula-3.0.1.tgz",
			"integrity": "sha512-/poHZJJVjx3L+zVD6g9KgHfYnb443oi7wLu/XKojDviHy6HOEOA6z1Trk5aR1dGcmPenJEgb2sK2I80LeS3MIg=="
		},
		"@sideway/pinpoint": {
			"version": "2.0.0",
			"resolved": "https://registry.npmjs.org/@sideway/pinpoint/-/pinpoint-2.0.0.tgz",
			"integrity": "sha512-RNiOoTPkptFtSVzQevY/yWtZwf/RxyVnPy/OcA9HBM3MlGDnBEYL5B41H0MTn0Uec8Hi+2qUtTfG2WWZBmMejQ=="
		},
		"@tsconfig/node10": {
			"version": "1.0.8",
			"resolved": "https://registry.npmjs.org/@tsconfig/node10/-/node10-1.0.8.tgz",
			"integrity": "sha512-6XFfSQmMgq0CFLY1MslA/CPUfhIL919M1rMsa5lP2P097N2Wd1sSX0tx1u4olM16fLNhtHZpRhedZJphNJqmZg==",
			"dev": true
		},
		"@tsconfig/node12": {
			"version": "1.0.9",
			"resolved": "https://registry.npmjs.org/@tsconfig/node12/-/node12-1.0.9.tgz",
			"integrity": "sha512-/yBMcem+fbvhSREH+s14YJi18sp7J9jpuhYByADT2rypfajMZZN4WQ6zBGgBKp53NKmqI36wFYDb3yaMPurITw==",
			"dev": true
		},
		"@tsconfig/node14": {
			"version": "1.0.1",
			"resolved": "https://registry.npmjs.org/@tsconfig/node14/-/node14-1.0.1.tgz",
			"integrity": "sha512-509r2+yARFfHHE7T6Puu2jjkoycftovhXRqW328PDXTVGKihlb1P8Z9mMZH04ebyajfRY7dedfGynlrFHJUQCg==",
			"dev": true
		},
		"@tsconfig/node16": {
			"version": "1.0.2",
			"resolved": "https://registry.npmjs.org/@tsconfig/node16/-/node16-1.0.2.tgz",
			"integrity": "sha512-eZxlbI8GZscaGS7kkc/trHTT5xgrjH3/1n2JDwusC9iahPKWMRvRjJSAN5mCXviuTGQ/lHnhvv8Q1YTpnfz9gA==",
			"dev": true
		},
		"@types/benchmark": {
			"version": "2.1.5",
			"resolved": "https://registry.npmjs.org/@types/benchmark/-/benchmark-2.1.5.tgz",
			"integrity": "sha512-cKio2eFB3v7qmKcvIHLUMw/dIx/8bhWPuzpzRT4unCPRTD8VdA9Zb0afxpcxOqR4PixRS7yT42FqGS8BYL8g1w==",
			"dev": true
		},
		"@types/node": {
			"version": "17.0.36",
			"resolved": "https://registry.npmjs.org/@types/node/-/node-17.0.36.tgz",
			"integrity": "sha512-V3orv+ggDsWVHP99K3JlwtH20R7J4IhI1Kksgc+64q5VxgfRkQG8Ws3MFm/FZOKDYGy9feGFlZ70/HpCNe9QaA==",
			"dev": true,
			"peer": true
		},
		"acorn": {
			"version": "8.7.1",
			"resolved": "https://registry.npmjs.org/acorn/-/acorn-8.7.1.tgz",
			"integrity": "sha512-Xx54uLJQZ19lKygFXOWsscKUbsBZW0CPykPhVQdhIeIwrbPmJzqeASDInc8nKBnp/JT6igTs82qPXz069H8I/A==",
			"dev": true
		},
		"acorn-walk": {
			"version": "8.2.0",
			"resolved": "https://registry.npmjs.org/acorn-walk/-/acorn-walk-8.2.0.tgz",
			"integrity": "sha512-k+iyHEuPgSw6SbuDpGQM+06HQUa04DZ3o+F6CSzXMvvI5KMvnaEqXe+YVe555R9nn6GPt404fos4wcgpw12SDA==",
			"dev": true
		},
		"arg": {
			"version": "4.1.3",
			"resolved": "https://registry.npmjs.org/arg/-/arg-4.1.3.tgz",
			"integrity": "sha512-58S9QDqG0Xx27YwPSt9fJxivjYl432YCwfDMfZ+71RAqUrZef7LrKQZ3LHLOwCS4FLNBplP533Zx895SeOCHvA==",
			"dev": true
		},
		"benchmark": {
			"version": "2.1.4",
			"resolved": "https://registry.npmjs.org/benchmark/-/benchmark-2.1.4.tgz",
			"integrity": "sha512-l9MlfN4M1K/H2fbhfMy3B7vJd6AGKJVQn2h6Sg/Yx+KckoUA7ewS5Vv6TjSq18ooE1kS9hhAlQRH3AkXIh/aOQ==",
			"requires": {
				"lodash": "^4.17.4",
				"platform": "^1.3.3"
			}
		},
		"create-require": {
			"version": "1.1.1",
			"resolved": "https://registry.npmjs.org/create-require/-/create-require-1.1.1.tgz",
			"integrity": "sha512-dcKFX3jn0MpIaXjisoRvexIJVEKzaq7z2rZKxf+MSr9TkdmHmsU4m2lcLojrj/FHl8mk5VxMmYA+ftRkP/3oKQ==",
			"dev": true
		},
		"diff": {
			"version": "4.0.2",
			"resolved": "https://registry.npmjs.org/diff/-/diff-4.0.2.tgz",
			"integrity": "sha512-58lmxKSA4BNyLz+HHMUzlOEpg09FV+ev6ZMe3vJihgdxzgcwZ8VoEEPmALCZG9LmqfVoNMMKpttIYTVG6uDY7A==",
			"dev": true
		},
		"fastest-validator": {
			"version": "1.19.0",
			"resolved": "https://registry.npmjs.org/fastest-validator/-/fastest-validator-1.19.0.tgz",
			"integrity": "sha512-wUfJBrXmccVz4kARAiWTkuqsC6EFeqbNxwfysCDk+maExBPP8KxyBwaWtayrWjKIaBIbaz+rqI2kel6ecayxcg=="
		},
		"joi": {
			"version": "17.13.3",
			"resolved": "https://registry.npmjs.org/joi/-/joi-17.13.3.tgz",
			"integrity": "sha512-otDA4ldcIx+ZXsKHWmp0YizCweVRZG96J10b0FevjfuncLO1oX59THoAmHkNubYJ+9gWsYsp5k8v4ib6oDv1fA==",
			"requires": {
				"@hapi/hoek": "^9.3.0",
				"@hapi/topo": "^5.1.0",
				"@sideway/address": "^4.1.5",
				"@sideway/formula": "^3.0.1",
				"@sideway/pinpoint": "^2.0.0"
			}
		},
		"lodash": {
			"version": "4.17.21",
			"resolved": "https://registry.npmjs.org/lodash/-/lodash-4.17.21.tgz",
			"integrity": "sha512-v2kDEe57lecTulaDIuNTPy3Ry4gLGJ6Z1O3vE1krgXZNrsQ+LFTGHVxVjcXPs17LhbZVGedAJv8XZ1tvj5FvSg=="
		},
		"make-error": {
			"version": "1.3.6",
			"resolved": "https://registry.npmjs.org/make-error/-/make-error-1.3.6.tgz",
			"integrity": "sha512-s8UhlNe7vPKomQhC1qFelMokr/Sc3AgNbso3n74mVPA5LTZwkB9NlXf4XPamLxJE8h0gh73rM94xvwRT2CVInw==",
			"dev": true
		},
		"platform": {
			"version": "1.3.6",
			"resolved": "https://registry.npmjs.org/platform/-/platform-1.3.6.tgz",
			"integrity": "sha512-fnWVljUchTro6RiCFvCXBbNhJc2NijN7oIQxbwsyL0buWJPG85v81ehlHI9fXrJsMNgTofEoWIQeClKpgxFLrg=="
		},
		"property-expr": {
			"version": "2.0.5",
			"resolved": "https://registry.npmjs.org/property-expr/-/property-expr-2.0.5.tgz",
			"integrity": "sha512-IJUkICM5dP5znhCckHSv30Q4b5/JA5enCtkRHYaOVOAocnH/1BQEYTC5NMfT3AVl/iXKdr3aqQbQn9DxyWknwA=="
		},
		"tiny-case": {
			"version": "1.0.3",
			"resolved": "https://registry.npmjs.org/tiny-case/-/tiny-case-1.0.3.tgz",
			"integrity": "sha512-Eet/eeMhkO6TX8mnUteS9zgPbUMQa4I6Kkp5ORiBD5476/m+PIRiumP5tmh5ioJpH7k51Kehawy2UDfsnxxY8Q=="
		},
		"toposort": {
			"version": "2.0.2",
			"resolved": "https://registry.npmjs.org/toposort/-/toposort-2.0.2.tgz",
			"integrity": "sha1-riF2gXXRVZ1IvvNUILL0li8JwzA="
		},
		"ts-node": {
			"version": "10.9.2",
			"resolved": "https://registry.npmjs.org/ts-node/-/ts-node-10.9.2.tgz",
			"integrity": "sha512-f0FFpIdcHgn8zcPSbf1dRevwt047YMnaiJM3u2w2RewrB+fob/zePZcrOyQoLMMO7aBIddLcQIEK5dYjkLnGrQ==",
			"dev": true,
			"requires": {
				"@cspotcode/source-map-support": "^0.8.0",
				"@tsconfig/node10": "^1.0.7",
				"@tsconfig/node12": "^1.0.7",
				"@tsconfig/node14": "^1.0.0",
				"@tsconfig/node16": "^1.0.2",
				"acorn": "^8.4.1",
				"acorn-walk": "^8.1.1",
				"arg": "^4.1.0",
				"create-require": "^1.1.0",
				"diff": "^4.0.1",
				"make-error": "^1.1.1",
				"v8-compile-cache-lib": "^3.0.1",
				"yn": "3.1.1"
			}
		},
		"type-fest": {
			"version": "2.19.0",
			"resolved": "https://registry.npmjs.org/type-fest/-/type-fest-2.19.0.tgz",
			"integrity": "sha512-RAH822pAdBgcNMAfWnCBU3CFZcfZ/i1eZjwFU/dsLKumyuuP3niueg2UAukXYF0E2AAoc82ZSSf9J0WQBinzHA=="
		},
		"typescript": {
			"version": "4.7.2",
			"resolved": "https://registry.npmjs.org/typescript/-/typescript-4.7.2.tgz",
			"integrity": "sha512-Mamb1iX2FDUpcTRzltPxgWMKy3fhg0TN378ylbktPGPK/99KbDtMQ4W1hwgsbPAsG3a0xKa1vmw4VKZQbkvz5A==",
			"dev": true,
			"peer": true
		},
		"v8-compile-cache-lib": {
			"version": "3.0.1",
			"resolved": "https://registry.npmjs.org/v8-compile-cache-lib/-/v8-compile-cache-lib-3.0.1.tgz",
			"integrity": "sha512-wa7YjyUGfNZngI/vtK0UHAN+lgDCxBPCylVXGp0zu59Fz5aiGtNXaq3DhIov063MorB+VfufLh3JlF2KdTK3xg==",
			"dev": true
		},
		"yn": {
			"version": "3.1.1",
			"resolved": "https://registry.npmjs.org/yn/-/yn-3.1.1.tgz",
			"integrity": "sha512-Ux4ygGWsu2c7isFWe8Yu1YluJmqVhxqK2cLXNQA5AcC3QfbGNpM7fu0Y8b/z16pXLnFxZYvWhd3fhBY9DLmC6Q==",
			"dev": true
		},
		"yup": {
			"version": "1.4.0",
			"resolved": "https://registry.npmjs.org/yup/-/yup-1.4.0.tgz",
			"integrity": "sha512-wPbgkJRCqIf+OHyiTBQoJiP5PFuAXaWiJK6AmYkzQAh5/c2K9hzSApBZG5wV9KoKSePF7sAxmNSvh/13YHkFDg==",
			"requires": {
				"property-expr": "^2.0.5",
				"tiny-case": "^1.0.3",
				"toposort": "^2.0.2",
				"type-fest": "^2.19.0"
			}
		},
		"zod": {
			"version": "3.23.8",
			"resolved": "https://registry.npmjs.org/zod/-/zod-3.23.8.tgz",
			"integrity": "sha512-XBx9AXhXktjUqnepgTiE5flcKIYWi/rme0Eaj+5Y0lftuGBq+jyRu/md4WnuxqgP1ubdpNCsYEYPxrzVHD8d6g=="
		}
	}
}
